{
  "name": "@toolbox-sdk/server",
  "version": "1.3.0",
  "lockfileVersion": 3,
  "requires": true,
  "packages": {
    "": {
      "name": "@toolbox-sdk/server",
      "version": "1.3.0",
      "license": "Apache-2.0",
      "bin": {
        "toolbox": "bin/run.js"
      },
      "optionalDependencies": {
        "@toolbox-sdk/server-darwin-arm64": "1.3.0",
        "@toolbox-sdk/server-darwin-x64": "1.3.0",
        "@toolbox-sdk/server-linux-x64": "1.3.0",
        "@toolbox-sdk/server-win32-arm64": "1.3.0",
        "@toolbox-sdk/server-win32-x64": "1.3.0"
      }
    },
    "node_modules/@toolbox-sdk/server-darwin-arm64": {
      "version": "1.3.0",
      "resolved": "https://registry.npmjs.org/@toolbox-sdk/server-darwin-arm64/-/server-darwin-arm64-1.3.0.tgz",
      "integrity": "sha512-oLBkEgChMPlx6pKGOUMvFSroF4mDf0kNqGNZr3U6RHHL6kY/7Ggq2CnjRirVLBD57SO6dlytNH7mvayLUt9Apw==",
      "cpu": [
        "arm64"
      ],
      "license": "Apache-2.0",
      "optional": true,
      "os": [
        "darwin"
      ]
    },
    "node_modules/@toolbox-sdk/server-darwin-x64": {
      "version": "1.3.0",
      "resolved": "https://registry.npmjs.org/@toolbox-sdk/server-darwin-x64/-/server-darwin-x64-1.3.0.tgz",
      "integrity": "sha512-ubF2Np2NIFKtY18rbcEF4Ce/BBqwBHNOLr4UZ5k8pb8LIETEpIArIm7BfhOBDPWt3TpLLolqi1Z/J2NlVXhZ3g==",
      "cpu": [
        "x64"
      ],
      "license": "Apache-2.0",
      "optional": true,
      "os": [
        "darwin"
      ]
    },
    "node_modules/@toolbox-sdk/server-linux-x64": {
      "version": "1.3.0",
      "resolved": "https://registry.npmjs.org/@toolbox-sdk/server-linux-x64/-/server-linux-x64-1.3.0.tgz",
      "integrity": "sha512-Ca5yLcjE3KVFdw2R7XJcUVtj3TQkDTZGJHd85s/FGZHWfeKtvx5T9p/6RaTJxRG2xoj0ApU/UwgyQhJJG/yQBg==",
      "cpu": [
        "x64"
      ],
      "license": "Apache-2.0",
      "optional": true,
      "os": [
        "linux"
      ]
    },
    "node_modules/@toolbox-sdk/server-win32-x64": {
      "version": "1.3.0",
      "resolved": "https://registry.npmjs.org/@toolbox-sdk/server-win32-x64/-/server-win32-x64-1.3.0.tgz",
      "integrity": "sha512-LL4tpeHVWPR9nhq/wa67v+ei3b5ubZbDRGUcFdZF+xwJSVF+bOmS+DL/m9+n3e5gQ3xynrRgGSOhPFX0lvrghA==",
      "cpu": [
        "x64"
      ],
      "license": "Apache-2.0",
      "optional": true,
      "os": [
        "win32"
      ]
    }
  }
}
